
Microsoft Visual Studio Solution File, Format Version 12.00
# Visual Studio Version 17
VisualStudioVersion = 17.13.35806.99 d17.13
MinimumVisualStudioVersion = 10.0.40219.1
Project("{FAE04EC0-301F-11D3-BF4B-00C04F79EFBC}") = "HotalSystem", "HotalSystem.csproj", "{B83B8694-918D-4A44-AFE9-176EB16EB1CF}"
EndProject
Global
	GlobalSection(SolutionConfigurationPlatforms) = preSolution
		Debug|Any CPU = Debug|Any CPU
		Release|Any CPU = Release|Any CPU
	EndGlobalSection
	GlobalSection(ProjectConfigurationPlatforms) = postSolution
		{B83B8694-918D-4A44-AFE9-176EB16EB1CF}.Debug|Any CPU.ActiveCfg = Debug|Any CPU
		{B83B8694-918D-4A44-AFE9-176EB16EB1CF}.Debug|Any CPU.Build.0 = Debug|Any CPU
		{B83B8694-918D-4A44-AFE9-176EB16EB1CF}.Release|Any CPU.ActiveCfg = Release|Any CPU
		{B83B8694-918D-4A44-AFE9-176EB16EB1CF}.Release|Any CPU.Build.0 = Release|Any CPU
	EndGlobalSection
	GlobalSection(SolutionProperties) = preSolution
		HideSolutionNode = FALSE
	EndGlobalSection
	GlobalSection(ExtensibilityGlobals) = postSolution
		SolutionGuid = {AAEFEC6F-81FE-4BBB-B0BA-0976A5DA3E2A}
	EndGlobalSection
EndGlobal
